
Microsoft Visual Studio Solution File, Format Version 12.00
# Visual Studio Version 16
VisualStudioVersion = 16.0.30114.105
MinimumVisualStudioVersion = 10.0.40219.1
Project("{2150E333-8FDC-42A3-9474-1A3956D46DE8}") = "src", "src", "{007A25C6-9B4F-4B7F-A670-2AE6FA69E040}"
EndProject
Project("{2150E333-8FDC-42A3-9474-1A3956D46DE8}") = "Bootstrapper", "Bootstrapper", "{1D302B5D-4781-470D-AE71-7A2B792A2EDA}"
EndProject
Project("{2150E333-8FDC-42A3-9474-1A3956D46DE8}") = "Modules", "Modules", "{453B1E6F-8E37-4E67-ADD7-CE3DEDF2AFA6}"
EndProject
Project("{2150E333-8FDC-42A3-9474-1A3956D46DE8}") = "Shared", "Shared", "{C1558C15-98E8-449D-83F2-DA65D501B332}"
EndProject
Project("{FAE04EC0-301F-11D3-BF4B-00C04F79EFBC}") = "OrderBin.Bootstrapper", "Bootstrapper\OrderBin.Bootstrapper\OrderBin.Bootstrapper.csproj", "{4FB127A7-F1D6-45FE-98F5-FAD926CDFD9F}"
EndProject
Project("{FAE04EC0-301F-11D3-BF4B-00C04F79EFBC}") = "OrderBin.Abstraction", "Shared\OrderBin.Abstraction\OrderBin.Abstraction.csproj", "{20FEF29A-5E40-4D1C-9427-031F7119E434}"
EndProject
Project("{FAE04EC0-301F-11D3-BF4B-00C04F79EFBC}") = "OrderBin.Infrastructure", "Shared\OrderBin.Infrastructure\OrderBin.Infrastructure.csproj", "{D376CDFF-2939-4E3C-8CA4-8F891FF22BB9}"
EndProject
Global
	GlobalSection(SolutionConfigurationPlatforms) = preSolution
		Debug|Any CPU = Debug|Any CPU
		Release|Any CPU = Release|Any CPU
	EndGlobalSection
	GlobalSection(ProjectConfigurationPlatforms) = postSolution
		{4FB127A7-F1D6-45FE-98F5-FAD926CDFD9F}.Debug|Any CPU.ActiveCfg = Debug|Any CPU
		{4FB127A7-F1D6-45FE-98F5-FAD926CDFD9F}.Debug|Any CPU.Build.0 = Debug|Any CPU
		{4FB127A7-F1D6-45FE-98F5-FAD926CDFD9F}.Release|Any CPU.ActiveCfg = Release|Any CPU
		{4FB127A7-F1D6-45FE-98F5-FAD926CDFD9F}.Release|Any CPU.Build.0 = Release|Any CPU
		{20FEF29A-5E40-4D1C-9427-031F7119E434}.Debug|Any CPU.ActiveCfg = Debug|Any CPU
		{20FEF29A-5E40-4D1C-9427-031F7119E434}.Debug|Any CPU.Build.0 = Debug|Any CPU
		{20FEF29A-5E40-4D1C-9427-031F7119E434}.Release|Any CPU.ActiveCfg = Release|Any CPU
		{20FEF29A-5E40-4D1C-9427-031F7119E434}.Release|Any CPU.Build.0 = Release|Any CPU
		{D376CDFF-2939-4E3C-8CA4-8F891FF22BB9}.Debug|Any CPU.ActiveCfg = Debug|Any CPU
		{D376CDFF-2939-4E3C-8CA4-8F891FF22BB9}.Debug|Any CPU.Build.0 = Debug|Any CPU
		{D376CDFF-2939-4E3C-8CA4-8F891FF22BB9}.Release|Any CPU.ActiveCfg = Release|Any CPU
		{D376CDFF-2939-4E3C-8CA4-8F891FF22BB9}.Release|Any CPU.Build.0 = Release|Any CPU
	EndGlobalSection
	GlobalSection(SolutionProperties) = preSolution
		HideSolutionNode = FALSE
	EndGlobalSection
	GlobalSection(NestedProjects) = preSolution
		{1D302B5D-4781-470D-AE71-7A2B792A2EDA} = {007A25C6-9B4F-4B7F-A670-2AE6FA69E040}
		{453B1E6F-8E37-4E67-ADD7-CE3DEDF2AFA6} = {007A25C6-9B4F-4B7F-A670-2AE6FA69E040}
		{C1558C15-98E8-449D-83F2-DA65D501B332} = {007A25C6-9B4F-4B7F-A670-2AE6FA69E040}
		{4FB127A7-F1D6-45FE-98F5-FAD926CDFD9F} = {1D302B5D-4781-470D-AE71-7A2B792A2EDA}
		{20FEF29A-5E40-4D1C-9427-031F7119E434} = {C1558C15-98E8-449D-83F2-DA65D501B332}
		{D376CDFF-2939-4E3C-8CA4-8F891FF22BB9} = {C1558C15-98E8-449D-83F2-DA65D501B332}
	EndGlobalSection
	GlobalSection(ExtensibilityGlobals) = postSolution
		SolutionGuid = {BE5E0432-C4EB-455E-8056-1442112CC215}
	EndGlobalSection
EndGlobal
